{
    "_readme": [
        "This file locks the dependencies of your project to a known state",
        "Read more about it at https://getcomposer.org/doc/01-basic-usage.md#installing-dependencies",
        "This file is @generated automatically"
    ],
    "content-hash": "c828357bac5a725cff38047af4ffdc7e",
    "packages": [
        {
            "name": "rdx/db",
            "version": "1.16",
            "source": {
                "type": "git",
                "url": "https://github.com/rudiedirkx/db_generic.git",
                "reference": "5988585f6d19d8afc9d096178a4d0db11d2f058b"
            },
            "dist": {
                "type": "zip",
                "url": "https://api.github.com/repos/rudiedirkx/db_generic/zipball/5988585f6d19d8afc9d096178a4d0db11d2f058b",
                "reference": "5988585f6d19d8afc9d096178a4d0db11d2f058b",
                "shasum": ""
            },
            "type": "library",
            "autoload": {
                "classmap": [
                    "db_generic.php",
                    "db_mysql.php",
                    "db_sqlite.php"
                ]
            },
            "notification-url": "https://packagist.org/downloads/",
            "license": [
                "MIT"
            ],
            "authors": [
                {
                    "name": "Rudie Dirkx",
                    "email": "github@hotblocks.nl"
                }
            ],
            "description": "Simple MySQL/SQLite wrapper",
            "time": "2020-05-02T09:32:23+00:00"
        }
    ],
    "packages-dev": [],
    "aliases": [],
    "minimum-stability": "stable",
    "stability-flags": [],
    "prefer-stable": false,
    "prefer-lowest": false,
    "platform": {
        "php": "^7.3",
        "ext-pdo_sqlite": "*"
    },
    "platform-dev": [],
    "plugin-api-version": "1.1.0"
}
