{
    "_readme": [
        "This file locks the dependencies of your project to a known state",
        "Read more about it at https://getcomposer.org/doc/01-basic-usage.md#installing-dependencies",
        "This file is @generated automatically"
    ],
    "content-hash": "46f26ff5fe83628561048e3ef209ddf7",
    "packages": [
        {
            "name": "rdx/db",
            "version": "1.20",
            "source": {
                "type": "git",
                "url": "https://github.com/rudiedirkx/db_generic.git",
                "reference": "1aa7f35859821879490082ac2ea06e7d11c29374"
            },
            "dist": {
                "type": "zip",
                "url": "https://api.github.com/repos/rudiedirkx/db_generic/zipball/1aa7f35859821879490082ac2ea06e7d11c29374",
                "reference": "1aa7f35859821879490082ac2ea06e7d11c29374",
                "shasum": ""
            },
            "type": "library",
            "autoload": {
                "classmap": [
                    "./"
                ]
            },
            "notification-url": "https://packagist.org/downloads/",
            "license": [
                "MIT"
            ],
            "authors": [
                {
                    "name": "Rudie Dirkx",
                    "email": "github@hotblocks.nl"
                }
            ],
            "description": "Simple MySQL/SQLite wrapper",
            "support": {
                "issues": "https://github.com/rudiedirkx/db_generic/issues",
                "source": "https://github.com/rudiedirkx/db_generic/tree/1.20"
            },
            "time": "2021-02-10T23:13:36+00:00"
        }
    ],
    "packages-dev": [],
    "aliases": [],
    "minimum-stability": "stable",
    "stability-flags": [],
    "prefer-stable": false,
    "prefer-lowest": false,
    "platform": {
        "php": "^7.3",
        "ext-mbstring": "*",
        "ext-pdo_sqlite": "*",
        "ext-pdo_pgsql": "*"
    },
    "platform-dev": [],
    "plugin-api-version": "2.0.0"
}
